{
  "name": "wubba-lubba",
  "version": "1.0.0",
  "lockfileVersion": 3,
  "requires": true,
  "packages": {
    "": {
      "name": "wubba-lubba",
      "version": "1.0.0",
      "license": "ISC",
      "dependencies": {
        "encore.dev": "^1.46.17"
      }
    },
    "node_modules/encore.dev": {
      "version": "1.46.17",
      "resolved": "https://registry.npmjs.org/encore.dev/-/encore.dev-1.46.17.tgz",
      "integrity": "sha512-S9kFjdGUORk/IpSEcZHKEqg9D/OTckkSgmE1T0ueKosFBIJ7WK7iBPK2ZbyNYJe0lOpLS9pqxZ7JMsEpdHtTWQ==",
      "license": "MPL-2.0",
      "engines": {
        "node": ">=18.0.0"
      }
    }
  }
}
